
Microsoft Visual Studio Solution File, Format Version 12.00
# Visual Studio 15
VisualStudioVersion = 15.0.27130.2036
MinimumVisualStudioVersion = 10.0.40219.1
Project("{FAE04EC0-301F-11D3-BF4B-00C04F79EFBC}") = "AMS", "AMS\AMS.csproj", "{A9FD0007-C9C3-4CCC-B916-0DCD6BCABEEC}"
EndProject
Project("{FAE04EC0-301F-11D3-BF4B-00C04F79EFBC}") = "LocalController", "LocalController\LocalController.csproj", "{B90EBB4E-695B-4572-BEB8-D53D85005D80}"
EndProject
Global
	GlobalSection(SolutionConfigurationPlatforms) = preSolution
		Debug|Any CPU = Debug|Any CPU
		Release|Any CPU = Release|Any CPU
	EndGlobalSection
	GlobalSection(ProjectConfigurationPlatforms) = postSolution
		{A9FD0007-C9C3-4CCC-B916-0DCD6BCABEEC}.Debug|Any CPU.ActiveCfg = Debug|Any CPU
		{A9FD0007-C9C3-4CCC-B916-0DCD6BCABEEC}.Debug|Any CPU.Build.0 = Debug|Any CPU
		{A9FD0007-C9C3-4CCC-B916-0DCD6BCABEEC}.Release|Any CPU.ActiveCfg = Release|Any CPU
		{A9FD0007-C9C3-4CCC-B916-0DCD6BCABEEC}.Release|Any CPU.Build.0 = Release|Any CPU
		{B90EBB4E-695B-4572-BEB8-D53D85005D80}.Debug|Any CPU.ActiveCfg = Debug|Any CPU
		{B90EBB4E-695B-4572-BEB8-D53D85005D80}.Debug|Any CPU.Build.0 = Debug|Any CPU
		{B90EBB4E-695B-4572-BEB8-D53D85005D80}.Release|Any CPU.ActiveCfg = Release|Any CPU
		{B90EBB4E-695B-4572-BEB8-D53D85005D80}.Release|Any CPU.Build.0 = Release|Any CPU
	EndGlobalSection
	GlobalSection(SolutionProperties) = preSolution
		HideSolutionNode = FALSE
	EndGlobalSection
	GlobalSection(ExtensibilityGlobals) = postSolution
		SolutionGuid = {1EFFE6F7-C2BF-4C70-B0C1-BE64CD3C9A77}
	EndGlobalSection
EndGlobal
